{
  "name": "lib",
  "version": "1.0.0",
  "lockfileVersion": 1,
  "requires": true,
  "dependencies": {
    "@fortawesome/fontawesome-free": {
      "version": "5.7.2",
      "resolved": "http://registry.npm.taobao.org/@fortawesome/fontawesome-free/download/@fortawesome/fontawesome-free-5.7.2.tgz",
      "integrity": "sha1-FJjD63jufHjFSIQYcH3pCq9Y1dc=",
      "dev": true
    },
    "bootstrap": {
      "version": "file:http:/registry.npm.taobao.org/bootstrap/download/bootstrap-4.3.1.tgz",
      "integrity": "sha1-KAyo9hBQTZnXtrS/xLaM7GAXBKw="
    },
    "bootstrap-fileinput": {
      "version": "4.5.2",
      "resolved": "http://registry.npm.taobao.org/bootstrap-fileinput/download/bootstrap-fileinput-4.5.2.tgz",
      "integrity": "sha1-fbCgHkyM/WkqfoVyaArtlXIQav8=",
      "requires": {
        "bootstrap": ">= 3.0.0",
        "jquery": ">= 1.9.0"
      },
      "dependencies": {
        "bootstrap": {
          "version": "4.3.1",
          "resolved": "http://registry.npm.taobao.org/bootstrap/download/bootstrap-4.3.1.tgz",
          "integrity": "sha1-KAyo9hBQTZnXtrS/xLaM7GAXBKw="
        }
      }
    },
    "bootstrap-table": {
      "version": "1.14.2",
      "resolved": "http://registry.npm.taobao.org/bootstrap-table/download/bootstrap-table-1.14.2.tgz",
      "integrity": "sha1-2PVnPeWzW73zaEiDdfWm+TlbfNw="
    },
    "fontawesome": {
      "version": "5.6.3",
      "resolved": "http://registry.npm.taobao.org/fontawesome/download/fontawesome-5.6.3.tgz",
      "integrity": "sha1-c/C4ZforCzhOadUxwFoCxkO3L5U="
    },
    "ion-rangeslider": {
      "version": "file:ion-rangeslider",
      "integrity": "sha1-eVfOLnis/JVrjEMAk3PakfdDNH4=",
      "requires": {
        "jquery": ">=1.8"
      }
    },
    "jquery": {
      "version": "3.3.1",
      "resolved": "http://registry.npm.taobao.org/jquery/download/jquery-3.3.1.tgz",
      "integrity": "sha1-lYzinoHJeQ8xvneS311NlfxX+8o="
    },
    "jquery-validation": {
      "version": "1.19.0",
      "resolved": "http://registry.npm.taobao.org/jquery-validation/download/jquery-validation-1.19.0.tgz",
      "integrity": "sha1-D+3wwEg6AwxP/wcjmImKwYz9bkA=",
      "requires": {
        "jquery": "^1.7 || ^2.0 || ^3.1"
      }
    },
    "jquery-validation-unobtrusive": {
      "version": "3.2.11",
      "resolved": "http://registry.npm.taobao.org/jquery-validation-unobtrusive/download/jquery-validation-unobtrusive-3.2.11.tgz",
      "integrity": "sha1-F17kY4A4Wg4z7TIPJV+tMh9o+fU=",
      "requires": {
        "jquery": ">=1.8",
        "jquery-validation": ">=1.16"
      }
    },
    "popper.js": {
      "version": "1.14.7",
      "resolved": "http://registry.npm.taobao.org/popper.js/download/popper.js-1.14.7.tgz",
      "integrity": "sha1-4x7AbPrGqXpTKAw+VeTgyGDnc44="
    }
  }
}
